
Microsoft Visual Studio Solution File, Format Version 12.00
# Visual Studio Version 17
VisualStudioVersion = 17.14.36203.30 d17.14
MinimumVisualStudioVersion = 10.0.40219.1
Project("{FAE04EC0-301F-11D3-BF4B-00C04F79EFBC}") = "BlazorToastWebTest", "BlazorToastWebTest\BlazorToastWebTest.csproj", "{F090E9AE-7D78-405C-AB04-64C4A50302BE}"
EndProject
Global
	GlobalSection(SolutionConfigurationPlatforms) = preSolution
		Debug|Any CPU = Debug|Any CPU
		Release|Any CPU = Release|Any CPU
	EndGlobalSection
	GlobalSection(ProjectConfigurationPlatforms) = postSolution
		{F090E9AE-7D78-405C-AB04-64C4A50302BE}.Debug|Any CPU.ActiveCfg = Debug|Any CPU
		{F090E9AE-7D78-405C-AB04-64C4A50302BE}.Debug|Any CPU.Build.0 = Debug|Any CPU
		{F090E9AE-7D78-405C-AB04-64C4A50302BE}.Release|Any CPU.ActiveCfg = Release|Any CPU
		{F090E9AE-7D78-405C-AB04-64C4A50302BE}.Release|Any CPU.Build.0 = Release|Any CPU
	EndGlobalSection
	GlobalSection(SolutionProperties) = preSolution
		HideSolutionNode = FALSE
	EndGlobalSection
	GlobalSection(ExtensibilityGlobals) = postSolution
		SolutionGuid = {63372A2E-A9FC-4B7A-9D33-939A00E38A17}
	EndGlobalSection
EndGlobal
